
Microsoft Visual Studio Solution File, Format Version 12.00
# Visual Studio 14
VisualStudioVersion = 14.0.25420.1
MinimumVisualStudioVersion = 10.0.40219.1
Project("{FAE04EC0-301F-11D3-BF4B-00C04F79EFBC}") = "PrimeiroAppXamarin.Android", "PrimeiroAppXamarin\PrimeiroAppXamarin.Android\PrimeiroAppXamarin.Android.csproj", "{41A8446B-B6AD-49C3-A5CA-645E2C838013}"
EndProject
Project("{FAE04EC0-301F-11D3-BF4B-00C04F79EFBC}") = "PrimeiroAppXamarin", "PrimeiroAppXamarin\PrimeiroAppXamarin\PrimeiroAppXamarin.csproj", "{31C26283-E2AB-4DD7-9090-1EAE4BE812AB}"
EndProject
Project("{FAE04EC0-301F-11D3-BF4B-00C04F79EFBC}") = "PrimeiroAppXamarin.UWP", "PrimeiroAppXamarin\PrimeiroAppXamarin.UWP\PrimeiroAppXamarin.UWP.csproj", "{82BCD249-E212-48B8-8797-67EBEA25333A}"
EndProject
Project("{FAE04EC0-301F-11D3-BF4B-00C04F79EFBC}") = "PrimeiroAppXamarin.iOS", "PrimeiroAppXamarin\PrimeiroAppXamarin.iOS\PrimeiroAppXamarin.iOS.csproj", "{A8CBE1C6-9441-4D6A-8ED5-632028B8D3DF}"
EndProject
Global
	GlobalSection(SolutionConfigurationPlatforms) = preSolution
		Ad-Hoc|Any CPU = Ad-Hoc|Any CPU
		Ad-Hoc|ARM = Ad-Hoc|ARM
		Ad-Hoc|iPhone = Ad-Hoc|iPhone
		Ad-Hoc|iPhoneSimulator = Ad-Hoc|iPhoneSimulator
		Ad-Hoc|x64 = Ad-Hoc|x64
		Ad-Hoc|x86 = Ad-Hoc|x86
		AppStore|Any CPU = AppStore|Any CPU
		AppStore|ARM = AppStore|ARM
		AppStore|iPhone = AppStore|iPhone
		AppStore|iPhoneSimulator = AppStore|iPhoneSimulator
		AppStore|x64 = AppStore|x64
		AppStore|x86 = AppStore|x86
		Debug|Any CPU = Debug|Any CPU
		Debug|ARM = Debug|ARM
		Debug|iPhone = Debug|iPhone
		Debug|iPhoneSimulator = Debug|iPhoneSimulator
		Debug|x64 = Debug|x64
		Debug|x86 = Debug|x86
		Release|Any CPU = Release|Any CPU
		Release|ARM = Release|ARM
		Release|iPhone = Release|iPhone
		Release|iPhoneSimulator = Release|iPhoneSimulator
		Release|x64 = Release|x64
		Release|x86 = Release|x86
	EndGlobalSection
	GlobalSection(ProjectConfigurationPlatforms) = postSolution
		{41A8446B-B6AD-49C3-A5CA-645E2C838013}.Ad-Hoc|Any CPU.ActiveCfg = Release|Any CPU
		{41A8446B-B6AD-49C3-A5CA-645E2C838013}.Ad-Hoc|Any CPU.Build.0 = Release|Any CPU
		{41A8446B-B6AD-49C3-A5CA-645E2C838013}.Ad-Hoc|Any CPU.Deploy.0 = Release|Any CPU
		{41A8446B-B6AD-49C3-A5CA-645E2C838013}.Ad-Hoc|ARM.ActiveCfg = Release|Any CPU
		{41A8446B-B6AD-49C3-A5CA-645E2C838013}.Ad-Hoc|ARM.Build.0 = Release|Any CPU
		{41A8446B-B6AD-49C3-A5CA-645E2C838013}.Ad-Hoc|ARM.Deploy.0 = Release|Any CPU
		{41A8446B-B6AD-49C3-A5CA-645E2C838013}.Ad-Hoc|iPhone.ActiveCfg = Release|Any CPU
		{41A8446B-B6AD-49C3-A5CA-645E2C838013}.Ad-Hoc|iPhone.Build.0 = Release|Any CPU
		{41A8446B-B6AD-49C3-A5CA-645E2C838013}.Ad-Hoc|iPhone.Deploy.0 = Release|Any CPU
		{41A8446B-B6AD-49C3-A5CA-645E2C838013}.Ad-Hoc|iPhoneSimulator.ActiveCfg = Release|Any CPU
		{41A8446B-B6AD-49C3-A5CA-645E2C838013}.Ad-Hoc|iPhoneSimulator.Build.0 = Release|Any CPU
		{41A8446B-B6AD-49C3-A5CA-645E2C838013}.Ad-Hoc|iPhoneSimulator.Deploy.0 = Release|Any CPU
		{41A8446B-B6AD-49C3-A5CA-645E2C838013}.Ad-Hoc|x64.ActiveCfg = Release|Any CPU
		{41A8446B-B6AD-49C3-A5CA-645E2C838013}.Ad-Hoc|x64.Build.0 = Release|Any CPU
		{41A8446B-B6AD-49C3-A5CA-645E2C838013}.Ad-Hoc|x64.Deploy.0 = Release|Any CPU
		{41A8446B-B6AD-49C3-A5CA-645E2C838013}.Ad-Hoc|x86.ActiveCfg = Release|Any CPU
		{41A8446B-B6AD-49C3-A5CA-645E2C838013}.Ad-Hoc|x86.Build.0 = Release|Any CPU
		{41A8446B-B6AD-49C3-A5CA-645E2C838013}.Ad-Hoc|x86.Deploy.0 = Release|Any CPU
		{41A8446B-B6AD-49C3-A5CA-645E2C838013}.AppStore|Any CPU.ActiveCfg = Release|Any CPU
		{41A8446B-B6AD-49C3-A5CA-645E2C838013}.AppStore|Any CPU.Build.0 = Release|Any CPU
		{41A8446B-B6AD-49C3-A5CA-645E2C838013}.AppStore|Any CPU.Deploy.0 = Release|Any CPU
		{41A8446B-B6AD-49C3-A5CA-645E2C838013}.AppStore|ARM.ActiveCfg = Release|Any CPU
		{41A8446B-B6AD-49C3-A5CA-645E2C838013}.AppStore|ARM.Build.0 = Release|Any CPU
		{41A8446B-B6AD-49C3-A5CA-645E2C838013}.AppStore|ARM.Deploy.0 = Release|Any CPU
		{41A8446B-B6AD-49C3-A5CA-645E2C838013}.AppStore|iPhone.ActiveCfg = Release|Any CPU
		{41A8446B-B6AD-49C3-A5CA-645E2C838013}.AppStore|iPhone.Build.0 = Release|Any CPU
		{41A8446B-B6AD-49C3-A5CA-645E2C838013}.AppStore|iPhone.Deploy.0 = Release|Any CPU
		{41A8446B-B6AD-49C3-A5CA-645E2C838013}.AppStore|iPhoneSimulator.ActiveCfg = Release|Any CPU
		{41A8446B-B6AD-49C3-A5CA-645E2C838013}.AppStore|iPhoneSimulator.Build.0 = Release|Any CPU
		{41A8446B-B6AD-49C3-A5CA-645E2C838013}.AppStore|iPhoneSimulator.Deploy.0 = Release|Any CPU
		{41A8446B-B6AD-49C3-A5CA-645E2C838013}.AppStore|x64.ActiveCfg = Release|Any CPU
		{41A8446B-B6AD-49C3-A5CA-645E2C838013}.AppStore|x64.Build.0 = Release|Any CPU
		{41A8446B-B6AD-49C3-A5CA-645E2C838013}.AppStore|x64.Deploy.0 = Release|Any CPU
		{41A8446B-B6AD-49C3-A5CA-645E2C838013}.AppStore|x86.ActiveCfg = Release|Any CPU
		{41A8446B-B6AD-49C3-A5CA-645E2C838013}.AppStore|x86.Build.0 = Release|Any CPU
		{41A8446B-B6AD-49C3-A5CA-645E2C838013}.AppStore|x86.Deploy.0 = Release|Any CPU
		{41A8446B-B6AD-49C3-A5CA-645E2C838013}.Debug|Any CPU.ActiveCfg = Debug|Any CPU
		{41A8446B-B6AD-49C3-A5CA-645E2C838013}.Debug|Any CPU.Build.0 = Debug|Any CPU
		{41A8446B-B6AD-49C3-A5CA-645E2C838013}.Debug|Any CPU.Deploy.0 = Debug|Any CPU
		{41A8446B-B6AD-49C3-A5CA-645E2C838013}.Debug|ARM.ActiveCfg = Debug|Any CPU
		{41A8446B-B6AD-49C3-A5CA-645E2C838013}.Debug|ARM.Build.0 = Debug|Any CPU
		{41A8446B-B6AD-49C3-A5CA-645E2C838013}.Debug|ARM.Deploy.0 = Debug|Any CPU
		{41A8446B-B6AD-49C3-A5CA-645E2C838013}.Debug|iPhone.ActiveCfg = Debug|Any CPU
		{41A8446B-B6AD-49C3-A5CA-645E2C838013}.Debug|iPhone.Build.0 = Debug|Any CPU
		{41A8446B-B6AD-49C3-A5CA-645E2C838013}.Debug|iPhone.Deploy.0 = Debug|Any CPU
		{41A8446B-B6AD-49C3-A5CA-645E2C838013}.Debug|iPhoneSimulator.ActiveCfg = Debug|Any CPU
		{41A8446B-B6AD-49C3-A5CA-645E2C838013}.Debug|iPhoneSimulator.Build.0 = Debug|Any CPU
		{41A8446B-B6AD-49C3-A5CA-645E2C838013}.Debug|iPhoneSimulator.Deploy.0 = Debug|Any CPU
		{41A8446B-B6AD-49C3-A5CA-645E2C838013}.Debug|x64.ActiveCfg = Debug|Any CPU
		{41A8446B-B6AD-49C3-A5CA-645E2C838013}.Debug|x64.Build.0 = Debug|Any CPU
		{41A8446B-B6AD-49C3-A5CA-645E2C838013}.Debug|x64.Deploy.0 = Debug|Any CPU
		{41A8446B-B6AD-49C3-A5CA-645E2C838013}.Debug|x86.ActiveCfg = Debug|Any CPU
		{41A8446B-B6AD-49C3-A5CA-645E2C838013}.Debug|x86.Build.0 = Debug|Any CPU
		{41A8446B-B6AD-49C3-A5CA-645E2C838013}.Debug|x86.Deploy.0 = Debug|Any CPU
		{41A8446B-B6AD-49C3-A5CA-645E2C838013}.Release|Any CPU.ActiveCfg = Release|Any CPU
		{41A8446B-B6AD-49C3-A5CA-645E2C838013}.Release|Any CPU.Build.0 = Release|Any CPU
		{41A8446B-B6AD-49C3-A5CA-645E2C838013}.Release|Any CPU.Deploy.0 = Release|Any CPU
		{41A8446B-B6AD-49C3-A5CA-645E2C838013}.Release|ARM.ActiveCfg = Release|Any CPU
		{41A8446B-B6AD-49C3-A5CA-645E2C838013}.Release|ARM.Build.0 = Release|Any CPU
		{41A8446B-B6AD-49C3-A5CA-645E2C838013}.Release|ARM.Deploy.0 = Release|Any CPU
		{41A8446B-B6AD-49C3-A5CA-645E2C838013}.Release|iPhone.ActiveCfg = Release|Any CPU
		{41A8446B-B6AD-49C3-A5CA-645E2C838013}.Release|iPhone.Build.0 = Release|Any CPU
		{41A8446B-B6AD-49C3-A5CA-645E2C838013}.Release|iPhone.Deploy.0 = Release|Any CPU
		{41A8446B-B6AD-49C3-A5CA-645E2C838013}.Release|iPhoneSimulator.ActiveCfg = Release|Any CPU
		{41A8446B-B6AD-49C3-A5CA-645E2C838013}.Release|iPhoneSimulator.Build.0 = Release|Any CPU
		{41A8446B-B6AD-49C3-A5CA-645E2C838013}.Release|iPhoneSimulator.Deploy.0 = Release|Any CPU
		{41A8446B-B6AD-49C3-A5CA-645E2C838013}.Release|x64.ActiveCfg = Release|Any CPU
		{41A8446B-B6AD-49C3-A5CA-645E2C838013}.Release|x64.Build.0 = Release|Any CPU
		{41A8446B-B6AD-49C3-A5CA-645E2C838013}.Release|x64.Deploy.0 = Release|Any CPU
		{41A8446B-B6AD-49C3-A5CA-645E2C838013}.Release|x86.ActiveCfg = Release|Any CPU
		{41A8446B-B6AD-49C3-A5CA-645E2C838013}.Release|x86.Build.0 = Release|Any CPU
		{41A8446B-B6AD-49C3-A5CA-645E2C838013}.Release|x86.Deploy.0 = Release|Any CPU
		{31C26283-E2AB-4DD7-9090-1EAE4BE812AB}.Ad-Hoc|Any CPU.ActiveCfg = Release|Any CPU
		{31C26283-E2AB-4DD7-9090-1EAE4BE812AB}.Ad-Hoc|Any CPU.Build.0 = Release|Any CPU
		{31C26283-E2AB-4DD7-9090-1EAE4BE812AB}.Ad-Hoc|ARM.ActiveCfg = Release|Any CPU
		{31C26283-E2AB-4DD7-9090-1EAE4BE812AB}.Ad-Hoc|ARM.Build.0 = Release|Any CPU
		{31C26283-E2AB-4DD7-9090-1EAE4BE812AB}.Ad-Hoc|iPhone.ActiveCfg = Release|Any CPU
		{31C26283-E2AB-4DD7-9090-1EAE4BE812AB}.Ad-Hoc|iPhone.Build.0 = Release|Any CPU
		{31C26283-E2AB-4DD7-9090-1EAE4BE812AB}.Ad-Hoc|iPhoneSimulator.ActiveCfg = Release|Any CPU
		{31C26283-E2AB-4DD7-9090-1EAE4BE812AB}.Ad-Hoc|iPhoneSimulator.Build.0 = Release|Any CPU
		{31C26283-E2AB-4DD7-9090-1EAE4BE812AB}.Ad-Hoc|x64.ActiveCfg = Release|Any CPU
		{31C26283-E2AB-4DD7-9090-1EAE4BE812AB}.Ad-Hoc|x64.Build.0 = Release|Any CPU
		{31C26283-E2AB-4DD7-9090-1EAE4BE812AB}.Ad-Hoc|x86.ActiveCfg = Release|Any CPU
		{31C26283-E2AB-4DD7-9090-1EAE4BE812AB}.Ad-Hoc|x86.Build.0 = Release|Any CPU
		{31C26283-E2AB-4DD7-9090-1EAE4BE812AB}.AppStore|Any CPU.ActiveCfg = Release|Any CPU
		{31C26283-E2AB-4DD7-9090-1EAE4BE812AB}.AppStore|Any CPU.Build.0 = Release|Any CPU
		{31C26283-E2AB-4DD7-9090-1EAE4BE812AB}.AppStore|ARM.ActiveCfg = Release|Any CPU
		{31C26283-E2AB-4DD7-9090-1EAE4BE812AB}.AppStore|ARM.Build.0 = Release|Any CPU
		{31C26283-E2AB-4DD7-9090-1EAE4BE812AB}.AppStore|iPhone.ActiveCfg = Release|Any CPU
		{31C26283-E2AB-4DD7-9090-1EAE4BE812AB}.AppStore|iPhone.Build.0 = Release|Any CPU
		{31C26283-E2AB-4DD7-9090-1EAE4BE812AB}.AppStore|iPhoneSimulator.ActiveCfg = Release|Any CPU
		{31C26283-E2AB-4DD7-9090-1EAE4BE812AB}.AppStore|iPhoneSimulator.Build.0 = Release|Any CPU
		{31C26283-E2AB-4DD7-9090-1EAE4BE812AB}.AppStore|x64.ActiveCfg = Release|Any CPU
		{31C26283-E2AB-4DD7-9090-1EAE4BE812AB}.AppStore|x64.Build.0 = Release|Any CPU
		{31C26283-E2AB-4DD7-9090-1EAE4BE812AB}.AppStore|x86.ActiveCfg = Release|Any CPU
		{31C26283-E2AB-4DD7-9090-1EAE4BE812AB}.AppStore|x86.Build.0 = Release|Any CPU
		{31C26283-E2AB-4DD7-9090-1EAE4BE812AB}.Debug|Any CPU.ActiveCfg = Debug|Any CPU
		{31C26283-E2AB-4DD7-9090-1EAE4BE812AB}.Debug|Any CPU.Build.0 = Debug|Any CPU
		{31C26283-E2AB-4DD7-9090-1EAE4BE812AB}.Debug|ARM.ActiveCfg = Debug|Any CPU
		{31C26283-E2AB-4DD7-9090-1EAE4BE812AB}.Debug|ARM.Build.0 = Debug|Any CPU
		{31C26283-E2AB-4DD7-9090-1EAE4BE812AB}.Debug|iPhone.ActiveCfg = Debug|Any CPU
		{31C26283-E2AB-4DD7-9090-1EAE4BE812AB}.Debug|iPhone.Build.0 = Debug|Any CPU
		{31C26283-E2AB-4DD7-9090-1EAE4BE812AB}.Debug|iPhoneSimulator.ActiveCfg = Debug|Any CPU
		{31C26283-E2AB-4DD7-9090-1EAE4BE812AB}.Debug|iPhoneSimulator.Build.0 = Debug|Any CPU
		{31C26283-E2AB-4DD7-9090-1EAE4BE812AB}.Debug|x64.ActiveCfg = Debug|Any CPU
		{31C26283-E2AB-4DD7-9090-1EAE4BE812AB}.Debug|x64.Build.0 = Debug|Any CPU
		{31C26283-E2AB-4DD7-9090-1EAE4BE812AB}.Debug|x86.ActiveCfg = Debug|Any CPU
		{31C26283-E2AB-4DD7-9090-1EAE4BE812AB}.Debug|x86.Build.0 = Debug|Any CPU
		{31C26283-E2AB-4DD7-9090-1EAE4BE812AB}.Release|Any CPU.ActiveCfg = Release|Any CPU
		{31C26283-E2AB-4DD7-9090-1EAE4BE812AB}.Release|Any CPU.Build.0 = Release|Any CPU
		{31C26283-E2AB-4DD7-9090-1EAE4BE812AB}.Release|ARM.ActiveCfg = Release|Any CPU
		{31C26283-E2AB-4DD7-9090-1EAE4BE812AB}.Release|ARM.Build.0 = Release|Any CPU
		{31C26283-E2AB-4DD7-9090-1EAE4BE812AB}.Release|iPhone.ActiveCfg = Release|Any CPU
		{31C26283-E2AB-4DD7-9090-1EAE4BE812AB}.Release|iPhone.Build.0 = Release|Any CPU
		{31C26283-E2AB-4DD7-9090-1EAE4BE812AB}.Release|iPhoneSimulator.ActiveCfg = Release|Any CPU
		{31C26283-E2AB-4DD7-9090-1EAE4BE812AB}.Release|iPhoneSimulator.Build.0 = Release|Any CPU
		{31C26283-E2AB-4DD7-9090-1EAE4BE812AB}.Release|x64.ActiveCfg = Release|Any CPU
		{31C26283-E2AB-4DD7-9090-1EAE4BE812AB}.Release|x64.Build.0 = Release|Any CPU
		{31C26283-E2AB-4DD7-9090-1EAE4BE812AB}.Release|x86.ActiveCfg = Release|Any CPU
		{31C26283-E2AB-4DD7-9090-1EAE4BE812AB}.Release|x86.Build.0 = Release|Any CPU
		{82BCD249-E212-48B8-8797-67EBEA25333A}.Ad-Hoc|Any CPU.ActiveCfg = Release|x86
		{82BCD249-E212-48B8-8797-67EBEA25333A}.Ad-Hoc|Any CPU.Build.0 = Release|x86
		{82BCD249-E212-48B8-8797-67EBEA25333A}.Ad-Hoc|Any CPU.Deploy.0 = Release|x86
		{82BCD249-E212-48B8-8797-67EBEA25333A}.Ad-Hoc|ARM.ActiveCfg = Release|ARM
		{82BCD249-E212-48B8-8797-67EBEA25333A}.Ad-Hoc|ARM.Build.0 = Release|ARM
		{82BCD249-E212-48B8-8797-67EBEA25333A}.Ad-Hoc|ARM.Deploy.0 = Release|ARM
		{82BCD249-E212-48B8-8797-67EBEA25333A}.Ad-Hoc|iPhone.ActiveCfg = Release|x86
		{82BCD249-E212-48B8-8797-67EBEA25333A}.Ad-Hoc|iPhone.Build.0 = Release|x86
		{82BCD249-E212-48B8-8797-67EBEA25333A}.Ad-Hoc|iPhone.Deploy.0 = Release|x86
		{82BCD249-E212-48B8-8797-67EBEA25333A}.Ad-Hoc|iPhoneSimulator.ActiveCfg = Release|x86
		{82BCD249-E212-48B8-8797-67EBEA25333A}.Ad-Hoc|iPhoneSimulator.Build.0 = Release|x86
		{82BCD249-E212-48B8-8797-67EBEA25333A}.Ad-Hoc|iPhoneSimulator.Deploy.0 = Release|x86
		{82BCD249-E212-48B8-8797-67EBEA25333A}.Ad-Hoc|x64.ActiveCfg = Release|x64
		{82BCD249-E212-48B8-8797-67EBEA25333A}.Ad-Hoc|x64.Build.0 = Release|x64
		{82BCD249-E212-48B8-8797-67EBEA25333A}.Ad-Hoc|x64.Deploy.0 = Release|x64
		{82BCD249-E212-48B8-8797-67EBEA25333A}.Ad-Hoc|x86.ActiveCfg = Release|x86
		{82BCD249-E212-48B8-8797-67EBEA25333A}.Ad-Hoc|x86.Build.0 = Release|x86
		{82BCD249-E212-48B8-8797-67EBEA25333A}.Ad-Hoc|x86.Deploy.0 = Release|x86
		{82BCD249-E212-48B8-8797-67EBEA25333A}.AppStore|Any CPU.ActiveCfg = Release|x86
		{82BCD249-E212-48B8-8797-67EBEA25333A}.AppStore|Any CPU.Build.0 = Release|x86
		{82BCD249-E212-48B8-8797-67EBEA25333A}.AppStore|Any CPU.Deploy.0 = Release|x86
		{82BCD249-E212-48B8-8797-67EBEA25333A}.AppStore|ARM.ActiveCfg = Release|ARM
		{82BCD249-E212-48B8-8797-67EBEA25333A}.AppStore|ARM.Build.0 = Release|ARM
		{82BCD249-E212-48B8-8797-67EBEA25333A}.AppStore|ARM.Deploy.0 = Release|ARM
		{82BCD249-E212-48B8-8797-67EBEA25333A}.AppStore|iPhone.ActiveCfg = Release|x86
		{82BCD249-E212-48B8-8797-67EBEA25333A}.AppStore|iPhone.Build.0 = Release|x86
		{82BCD249-E212-48B8-8797-67EBEA25333A}.AppStore|iPhone.Deploy.0 = Release|x86
		{82BCD249-E212-48B8-8797-67EBEA25333A}.AppStore|iPhoneSimulator.ActiveCfg = Release|x86
		{82BCD249-E212-48B8-8797-67EBEA25333A}.AppStore|iPhoneSimulator.Build.0 = Release|x86
		{82BCD249-E212-48B8-8797-67EBEA25333A}.AppStore|iPhoneSimulator.Deploy.0 = Release|x86
		{82BCD249-E212-48B8-8797-67EBEA25333A}.AppStore|x64.ActiveCfg = Release|x64
		{82BCD249-E212-48B8-8797-67EBEA25333A}.AppStore|x64.Build.0 = Release|x64
		{82BCD249-E212-48B8-8797-67EBEA25333A}.AppStore|x64.Deploy.0 = Release|x64
		{82BCD249-E212-48B8-8797-67EBEA25333A}.AppStore|x86.ActiveCfg = Release|x86
		{82BCD249-E212-48B8-8797-67EBEA25333A}.AppStore|x86.Build.0 = Release|x86
		{82BCD249-E212-48B8-8797-67EBEA25333A}.AppStore|x86.Deploy.0 = Release|x86
		{82BCD249-E212-48B8-8797-67EBEA25333A}.Debug|Any CPU.ActiveCfg = Debug|x86
		{82BCD249-E212-48B8-8797-67EBEA25333A}.Debug|ARM.ActiveCfg = Debug|ARM
		{82BCD249-E212-48B8-8797-67EBEA25333A}.Debug|ARM.Build.0 = Debug|ARM
		{82BCD249-E212-48B8-8797-67EBEA25333A}.Debug|ARM.Deploy.0 = Debug|ARM
		{82BCD249-E212-48B8-8797-67EBEA25333A}.Debug|iPhone.ActiveCfg = Debug|x86
		{82BCD249-E212-48B8-8797-67EBEA25333A}.Debug|iPhoneSimulator.ActiveCfg = Debug|x86
		{82BCD249-E212-48B8-8797-67EBEA25333A}.Debug|x64.ActiveCfg = Debug|x64
		{82BCD249-E212-48B8-8797-67EBEA25333A}.Debug|x64.Build.0 = Debug|x64
		{82BCD249-E212-48B8-8797-67EBEA25333A}.Debug|x64.Deploy.0 = Debug|x64
		{82BCD249-E212-48B8-8797-67EBEA25333A}.Debug|x86.ActiveCfg = Debug|x86
		{82BCD249-E212-48B8-8797-67EBEA25333A}.Debug|x86.Build.0 = Debug|x86
		{82BCD249-E212-48B8-8797-67EBEA25333A}.Debug|x86.Deploy.0 = Debug|x86
		{82BCD249-E212-48B8-8797-67EBEA25333A}.Release|Any CPU.ActiveCfg = Release|x86
		{82BCD249-E212-48B8-8797-67EBEA25333A}.Release|ARM.ActiveCfg = Release|ARM
		{82BCD249-E212-48B8-8797-67EBEA25333A}.Release|ARM.Build.0 = Release|ARM
		{82BCD249-E212-48B8-8797-67EBEA25333A}.Release|ARM.Deploy.0 = Release|ARM
		{82BCD249-E212-48B8-8797-67EBEA25333A}.Release|iPhone.ActiveCfg = Release|x86
		{82BCD249-E212-48B8-8797-67EBEA25333A}.Release|iPhoneSimulator.ActiveCfg = Release|x86
		{82BCD249-E212-48B8-8797-67EBEA25333A}.Release|x64.ActiveCfg = Release|x64
		{82BCD249-E212-48B8-8797-67EBEA25333A}.Release|x64.Build.0 = Release|x64
		{82BCD249-E212-48B8-8797-67EBEA25333A}.Release|x64.Deploy.0 = Release|x64
		{82BCD249-E212-48B8-8797-67EBEA25333A}.Release|x86.ActiveCfg = Release|x86
		{82BCD249-E212-48B8-8797-67EBEA25333A}.Release|x86.Build.0 = Release|x86
		{82BCD249-E212-48B8-8797-67EBEA25333A}.Release|x86.Deploy.0 = Release|x86
		{A8CBE1C6-9441-4D6A-8ED5-632028B8D3DF}.Ad-Hoc|Any CPU.ActiveCfg = Ad-Hoc|iPhone
		{A8CBE1C6-9441-4D6A-8ED5-632028B8D3DF}.Ad-Hoc|ARM.ActiveCfg = Ad-Hoc|iPhone
		{A8CBE1C6-9441-4D6A-8ED5-632028B8D3DF}.Ad-Hoc|iPhone.ActiveCfg = Ad-Hoc|iPhone
		{A8CBE1C6-9441-4D6A-8ED5-632028B8D3DF}.Ad-Hoc|iPhone.Build.0 = Ad-Hoc|iPhone
		{A8CBE1C6-9441-4D6A-8ED5-632028B8D3DF}.Ad-Hoc|iPhoneSimulator.ActiveCfg = Ad-Hoc|iPhoneSimulator
		{A8CBE1C6-9441-4D6A-8ED5-632028B8D3DF}.Ad-Hoc|iPhoneSimulator.Build.0 = Ad-Hoc|iPhoneSimulator
		{A8CBE1C6-9441-4D6A-8ED5-632028B8D3DF}.Ad-Hoc|x64.ActiveCfg = Ad-Hoc|iPhone
		{A8CBE1C6-9441-4D6A-8ED5-632028B8D3DF}.Ad-Hoc|x86.ActiveCfg = Ad-Hoc|iPhone
		{A8CBE1C6-9441-4D6A-8ED5-632028B8D3DF}.AppStore|Any CPU.ActiveCfg = AppStore|iPhone
		{A8CBE1C6-9441-4D6A-8ED5-632028B8D3DF}.AppStore|ARM.ActiveCfg = AppStore|iPhone
		{A8CBE1C6-9441-4D6A-8ED5-632028B8D3DF}.AppStore|iPhone.ActiveCfg = AppStore|iPhone
		{A8CBE1C6-9441-4D6A-8ED5-632028B8D3DF}.AppStore|iPhone.Build.0 = AppStore|iPhone
		{A8CBE1C6-9441-4D6A-8ED5-632028B8D3DF}.AppStore|iPhoneSimulator.ActiveCfg = AppStore|iPhoneSimulator
		{A8CBE1C6-9441-4D6A-8ED5-632028B8D3DF}.AppStore|iPhoneSimulator.Build.0 = AppStore|iPhoneSimulator
		{A8CBE1C6-9441-4D6A-8ED5-632028B8D3DF}.AppStore|x64.ActiveCfg = AppStore|iPhone
		{A8CBE1C6-9441-4D6A-8ED5-632028B8D3DF}.AppStore|x86.ActiveCfg = AppStore|iPhone
		{A8CBE1C6-9441-4D6A-8ED5-632028B8D3DF}.Debug|Any CPU.ActiveCfg = Debug|iPhone
		{A8CBE1C6-9441-4D6A-8ED5-632028B8D3DF}.Debug|ARM.ActiveCfg = Debug|iPhone
		{A8CBE1C6-9441-4D6A-8ED5-632028B8D3DF}.Debug|iPhone.ActiveCfg = Debug|iPhone
		{A8CBE1C6-9441-4D6A-8ED5-632028B8D3DF}.Debug|iPhone.Build.0 = Debug|iPhone
		{A8CBE1C6-9441-4D6A-8ED5-632028B8D3DF}.Debug|iPhoneSimulator.ActiveCfg = Debug|iPhoneSimulator
		{A8CBE1C6-9441-4D6A-8ED5-632028B8D3DF}.Debug|iPhoneSimulator.Build.0 = Debug|iPhoneSimulator
		{A8CBE1C6-9441-4D6A-8ED5-632028B8D3DF}.Debug|x64.ActiveCfg = Debug|iPhone
		{A8CBE1C6-9441-4D6A-8ED5-632028B8D3DF}.Debug|x86.ActiveCfg = Debug|iPhone
		{A8CBE1C6-9441-4D6A-8ED5-632028B8D3DF}.Release|Any CPU.ActiveCfg = Release|iPhone
		{A8CBE1C6-9441-4D6A-8ED5-632028B8D3DF}.Release|ARM.ActiveCfg = Release|iPhone
		{A8CBE1C6-9441-4D6A-8ED5-632028B8D3DF}.Release|iPhone.ActiveCfg = Release|iPhone
		{A8CBE1C6-9441-4D6A-8ED5-632028B8D3DF}.Release|iPhone.Build.0 = Release|iPhone
		{A8CBE1C6-9441-4D6A-8ED5-632028B8D3DF}.Release|iPhoneSimulator.ActiveCfg = Release|iPhoneSimulator
		{A8CBE1C6-9441-4D6A-8ED5-632028B8D3DF}.Release|iPhoneSimulator.Build.0 = Release|iPhoneSimulator
		{A8CBE1C6-9441-4D6A-8ED5-632028B8D3DF}.Release|x64.ActiveCfg = Release|iPhone
		{A8CBE1C6-9441-4D6A-8ED5-632028B8D3DF}.Release|x86.ActiveCfg = Release|iPhone
	EndGlobalSection
	GlobalSection(SolutionProperties) = preSolution
		HideSolutionNode = FALSE
	EndGlobalSection
EndGlobal
